// !$*UTF8*$!
{
	archiveVersion = 1;
	classes = {
	};
	objectVersion = 50;
	objects = {

/* Begin PBXBuildFile section */
		8A27637423FE68C6006D4243 /* AppDelegate.swift in Sources */ = {isa = PBXBuildFile; fileRef = 8A27637323FE68C6006D4243 /* AppDelegate.swift */; };
		8A27637623FE68C6006D4243 /* SceneDelegate.swift in Sources */ = {isa = PBXBuildFile; fileRef = 8A27637523FE68C6006D4243 /* SceneDelegate.swift */; };
		8A27637823FE68C6006D4243 /* NewNoteViewController.swift in Sources */ = {isa = PBXBuildFile; fileRef = 8A27637723FE68C6006D4243 /* NewNoteViewController.swift */; };
		8A27637B23FE68C6006D4243 /* Main.storyboard in Resources */ = {isa = PBXBuildFile; fileRef = 8A27637923FE68C6006D4243 /* Main.storyboard */; };
		8A27637E23FE68C6006D4243 /* myNotepad.xcdatamodeld in Sources */ = {isa = PBXBuildFile; fileRef = 8A27637C23FE68C6006D4243 /* myNotepad.xcdatamodeld */; };
		8A27638023FE68C9006D4243 /* Assets.xcassets in Resources */ = {isa = PBXBuildFile; fileRef = 8A27637F23FE68C9006D4243 /* Assets.xcassets */; };
		8A27638323FE68C9006D4243 /* LaunchScreen.storyboard in Resources */ = {isa = PBXBuildFile; fileRef = 8A27638123FE68C9006D4243 /* LaunchScreen.storyboard */; };
		8A27638B23FE6D48006D4243 /* InitialTableViewController.swift in Sources */ = {isa = PBXBuildFile; fileRef = 8A27638A23FE6D48006D4243 /* InitialTableViewController.swift */; };
		8A27639123FEA0EE006D4243 /* DisplayViewController.swift in Sources */ = {isa = PBXBuildFile; fileRef = 8A27639023FEA0EE006D4243 /* DisplayViewController.swift */; };
/* End PBXBuildFile section */

/* Begin PBXFileReference section */
		8A27637023FE68C6006D4243 /* myNotepad.app */ = {isa = PBXFileReference; explicitFileType = wrapper.application; includeInIndex = 0; path = myNotepad.app; sourceTree = BUILT_PRODUCTS_DIR; };
		8A27637323FE68C6006D4243 /* AppDelegate.swift */ = {isa = PBXFileReference; lastKnownFileType = sourcecode.swift; path = AppDelegate.swift; sourceTree = "<group>"; };
		8A27637523FE68C6006D4243 /* SceneDelegate.swift */ = {isa = PBXFileReference; lastKnownFileType = sourcecode.swift; path = SceneDelegate.swift; sourceTree = "<group>"; };
		8A27637723FE68C6006D4243 /* NewNoteViewController.swift */ = {isa = PBXFileReference; lastKnownFileType = sourcecode.swift; path = NewNoteViewController.swift; sourceTree = "<group>"; };
		8A27637A23FE68C6006D4243 /* Base */ = {isa = PBXFileReference; lastKnownFileType = file.storyboard; name = Base; path = Base.lproj/Main.storyboard; sourceTree = "<group>"; };
		8A27637D23FE68C6006D4243 /* myNotepad.xcdatamodel */ = {isa = PBXFileReference; lastKnownFileType = wrapper.xcdatamodel; path = myNotepad.xcdatamodel; sourceTree = "<group>"; };
		8A27637F23FE68C9006D4243 /* Assets.xcassets */ = {isa = PBXFileReference; lastKnownFileType = folder.assetcatalog; path = Assets.xcassets; sourceTree = "<group>"; };
		8A27638223FE68C9006D4243 /* Base */ = {isa = PBXFileReference; lastKnownFileType = file.storyboard; name = Base; path = Base.lproj/LaunchScreen.storyboard; sourceTree = "<group>"; };
		8A27638423FE68C9006D4243 /* Info.plist */ = {isa = PBXFileReference; lastKnownFileType = text.plist.xml; path = Info.plist; sourceTree = "<group>"; };
		8A27638A23FE6D48006D4243 /* InitialTableViewController.swift */ = {isa = PBXFileReference; lastKnownFileType = sourcecode.swift; path = InitialTableViewController.swift; sourceTree = "<group>"; };
		8A27639023FEA0EE006D4243 /* DisplayViewController.swift */ = {isa = PBXFileReference; lastKnownFileType = sourcecode.swift; path = DisplayViewController.swift; sourceTree = "<group>"; };
/* End PBXFileReference section */

/* Begin PBXFrameworksBuildPhase section */
		8A27636D23FE68C6006D4243 /* Frameworks */ = {
			isa = PBXFrameworksBuildPhase;
			buildActionMask = 2147483647;
			files = (
			);
			runOnlyForDeploymentPostprocessing = 0;
		};
/* End PBXFrameworksBuildPhase section */

/* Begin PBXGroup section */
		8A27636723FE68C6006D4243 = {
			isa = PBXGroup;
			children = (
				8A27637223FE68C6006D4243 /* myNotepad */,
				8A27637123FE68C6006D4243 /* Products */,
			);
			sourceTree = "<group>";
		};
		8A27637123FE68C6006D4243 /* Products */ = {
			isa = PBXGroup;
			children = (
				8A27637023FE68C6006D4243 /* myNotepad.app */,
			);
			name = Products;
			sourceTree = "<group>";
		};
		8A27637223FE68C6006D4243 /* myNotepad */ = {
			isa = PBXGroup;
			children = (
				8A27637323FE68C6006D4243 /* AppDelegate.swift */,
				8A27637523FE68C6006D4243 /* SceneDelegate.swift */,
				8A27638E23FE7211006D4243 /* Models */,
				8A27638D23FE71CB006D4243 /* Views */,
				8A27638C23FE71BA006D4243 /* Controllers */,
				8A27638F23FE7259006D4243 /* Other Files */,
				8A27638423FE68C9006D4243 /* Info.plist */,
			);
			path = myNotepad;
			sourceTree = "<group>";
		};
		8A27638C23FE71BA006D4243 /* Controllers */ = {
			isa = PBXGroup;
			children = (
				8A27638A23FE6D48006D4243 /* InitialTableViewController.swift */,
				8A27637723FE68C6006D4243 /* NewNoteViewController.swift */,
				8A27639023FEA0EE006D4243 /* DisplayViewController.swift */,
			);
			path = Controllers;
			sourceTree = "<group>";
		};
		8A27638D23FE71CB006D4243 /* Views */ = {
			isa = PBXGroup;
			children = (
				8A27637923FE68C6006D4243 /* Main.storyboard */,
			);
			path = Views;
			sourceTree = "<group>";
		};
		8A27638E23FE7211006D4243 /* Models */ = {
			isa = PBXGroup;
			children = (
				8A27637C23FE68C6006D4243 /* myNotepad.xcdatamodeld */,
			);
			path = Models;
			sourceTree = "<group>";
		};
		8A27638F23FE7259006D4243 /* Other Files */ = {
			isa = PBXGroup;
			children = (
				8A27637F23FE68C9006D4243 /* Assets.xcassets */,
				8A27638123FE68C9006D4243 /* LaunchScreen.storyboard */,
			);
			path = "Other Files";
			sourceTree = "<group>";
		};
/* End PBXGroup section */

/* Begin PBXNativeTarget section */
		8A27636F23FE68C6006D4243 /* myNotepad */ = {
			isa = PBXNativeTarget;
			buildConfigurationList = 8A27638723FE68C9006D4243 /* Build configuration list for PBXNativeTarget "myNotepad" */;
			buildPhases = (
				8A27636C23FE68C6006D4243 /* Sources */,
				8A27636D23FE68C6006D4243 /* Frameworks */,
				8A27636E23FE68C6006D4243 /* Resources */,
			);
			buildRules = (
			);
			dependencies = (
			);
			name = myNotepad;
			productName = myNotepad;
			productReference = 8A27637023FE68C6006D4243 /* myNotepad.app */;
			productType = "com.apple.product-type.application";
		};
/* End PBXNativeTarget section */

/* Begin PBXProject section */
		8A27636823FE68C6006D4243 /* Project object */ = {
			isa = PBXProject;
			attributes = {
				LastSwiftUpdateCheck = 1130;
				LastUpgradeCheck = 1130;
				ORGANIZATIONNAME = "Jitendra Mahambare";
				TargetAttributes = {
					8A27636F23FE68C6006D4243 = {
						CreatedOnToolsVersion = 11.3.1;
					};
				};
			};
			buildConfigurationList = 8A27636B23FE68C6006D4243 /* Build configuration list for PBXProject "myNotepad" */;
			compatibilityVersion = "Xcode 9.3";
			developmentRegion = en;
			hasScannedForEncodings = 0;
			knownRegions = (
				en,
				Base,
			);
			mainGroup = 8A27636723FE68C6006D4243;
			productRefGroup = 8A27637123FE68C6006D4243 /* Products */;
			projectDirPath = "";
			projectRoot = "";
			targets = (
				8A27636F23FE68C6006D4243 /* myNotepad */,
			);
		};
/* End PBXProject section */

/* Begin PBXResourcesBuildPhase section */
		8A27636E23FE68C6006D4243 /* Resources */ = {
			isa = PBXResourcesBuildPhase;
			buildActionMask = 2147483647;
			files = (
				8A27638323FE68C9006D4243 /* LaunchScreen.storyboard in Resources */,
				8A27638023FE68C9006D4243 /* Assets.xcassets in Resources */,
				8A27637B23FE68C6006D4243 /* Main.storyboard in Resources */,
			);
			runOnlyForDeploymentPostprocessing = 0;
		};
/* End PBXResourcesBuildPhase section */

/* Begin PBXSourcesBuildPhase section */
		8A27636C23FE68C6006D4243 /* Sources */ = {
			isa = PBXSourcesBuildPhase;
			buildActionMask = 2147483647;
			files = (
				8A27638B23FE6D48006D4243 /* InitialTableViewController.swift in Sources */,
				8A27639123FEA0EE006D4243 /* DisplayViewController.swift in Sources */,
				8A27637823FE68C6006D4243 /* NewNoteViewController.swift in Sources */,
				8A27637423FE68C6006D4243 /* AppDelegate.swift in Sources */,
				8A27637623FE68C6006D4243 /* SceneDelegate.swift in Sources */,
				8A27637E23FE68C6006D4243 /* myNotepad.xcdatamodeld in Sources */,
			);
			runOnlyForDeploymentPostprocessing = 0;
		};
/* End PBXSourcesBuildPhase section */

/* Begin PBXVariantGroup section */
		8A27637923FE68C6006D4243 /* Main.storyboard */ = {
			isa = PBXVariantGroup;
			children = (
				8A27637A23FE68C6006D4243 /* Base */,
			);
			name = Main.storyboard;
			sourceTree = "<group>";
		};
		8A27638123FE68C9006D4243 /* LaunchScreen.storyboard */ = {
			isa = PBXVariantGroup;
			children = (
				8A27638223FE68C9006D4243 /* Base */,
			);
			name = LaunchScreen.storyboard;
			sourceTree = "<group>";
		};
/* End PBXVariantGroup section */

/* Begin XCBuildConfiguration section */
		8A27638523FE68C9006D4243 /* Debug */ = {
			isa = XCBuildConfiguration;
			buildSettings = {
				ALWAYS_SEARCH_USER_PATHS = NO;
				CLANG_ANALYZER_NONNULL = YES;
				CLANG_ANALYZER_NUMBER_OBJECT_CONVERSION = YES_AGGRESSIVE;
				CLANG_CXX_LANGUAGE_STANDARD = "gnu++14";
				CLANG_CXX_LIBRARY = "libc++";
				CLANG_ENABLE_MODULES = YES;
				CLANG_ENABLE_OBJC_ARC = YES;
				CLANG_ENABLE_OBJC_WEAK = YES;
				CLANG_WARN_BLOCK_CAPTURE_AUTORELEASING = YES;
				CLANG_WARN_BOOL_CONVERSION = YES;
				CLANG_WARN_COMMA = YES;
				CLANG_WARN_CONSTANT_CONVERSION = YES;
				CLANG_WARN_DEPRECATED_OBJC_IMPLEMENTATIONS = YES;
				CLANG_WARN_DIRECT_OBJC_ISA_USAGE = YES_ERROR;
				CLANG_WARN_DOCUMENTATION_COMMENTS = YES;
				CLANG_WARN_EMPTY_BODY = YES;
				CLANG_WARN_ENUM_CONVERSION = YES;
				CLANG_WARN_INFINITE_RECURSION = YES;
				CLANG_WARN_INT_CONVERSION = YES;
				CLANG_WARN_NON_LITERAL_NULL_CONVERSION = YES;
				CLANG_WARN_OBJC_IMPLICIT_RETAIN_SELF = YES;
				CLANG_WARN_OBJC_LITERAL_CONVERSION = YES;
				CLANG_WARN_OBJC_ROOT_CLASS = YES_ERROR;
				CLANG_WARN_RANGE_LOOP_ANALYSIS = YES;
				CLANG_WARN_STRICT_PROTOTYPES = YES;
				CLANG_WARN_SUSPICIOUS_MOVE = YES;
				CLANG_WARN_UNGUARDED_AVAILABILITY = YES_AGGRESSIVE;
				CLANG_WARN_UNREACHABLE_CODE = YES;
				CLANG_WARN__DUPLICATE_METHOD_MATCH = YES;
				COPY_PHASE_STRIP = NO;
				DEBUG_INFORMATION_FORMAT = dwarf;
				ENABLE_STRICT_OBJC_MSGSEND = YES;
				ENABLE_TESTABILITY = YES;
				GCC_C_LANGUAGE_STANDARD = gnu11;
				GCC_DYNAMIC_NO_PIC = NO;
				GCC_NO_COMMON_BLOCKS = YES;
				GCC_OPTIMIZATION_LEVEL = 0;
				GCC_PREPROCESSOR_DEFINITIONS = (
					"DEBUG=1",
					"$(inherited)",
				);
				GCC_WARN_64_TO_32_BIT_CONVERSION = YES;
				GCC_WARN_ABOUT_RETURN_TYPE = YES_ERROR;
				GCC_WARN_UNDECLARED_SELECTOR = YES;
				GCC_WARN_UNINITIALIZED_AUTOS = YES_AGGRESSIVE;
				GCC_WARN_UNUSED_FUNCTION = YES;
				GCC_WARN_UNUSED_VARIABLE = YES;
				IPHONEOS_DEPLOYMENT_TARGET = 13.2;
				MTL_ENABLE_DEBUG_INFO = INCLUDE_SOURCE;
				MTL_FAST_MATH = YES;
				ONLY_ACTIVE_ARCH = YES;
				SDKROOT = iphoneos;
				SWIFT_ACTIVE_COMPILATION_CONDITIONS = DEBUG;
				SWIFT_OPTIMIZATION_LEVEL = "-Onone";
			};
			name = Debug;
		};
		8A27638623FE68C9006D4243 /* Release */ = {
			isa = XCBuildConfiguration;
			buildSettings = {
				ALWAYS_SEARCH_USER_PATHS = NO;
				CLANG_ANALYZER_NONNULL = YES;
				CLANG_ANALYZER_NUMBER_OBJECT_CONVERSION = YES_AGGRESSIVE;
				CLANG_CXX_LANGUAGE_STANDARD = "gnu++14";
				CLANG_CXX_LIBRARY = "libc++";
				CLANG_ENABLE_MODULES = YES;
				CLANG_ENABLE_OBJC_ARC = YES;
				CLANG_ENABLE_OBJC_WEAK = YES;
				CLANG_WARN_BLOCK_CAPTURE_AUTORELEASING = YES;
				CLANG_WARN_BOOL_CONVERSION = YES;
				CLANG_WARN_COMMA = YES;
				CLANG_WARN_CONSTANT_CONVERSION = YES;
				CLANG_WARN_DEPRECATED_OBJC_IMPLEMENTATIONS = YES;
				CLANG_WARN_DIRECT_OBJC_ISA_USAGE = YES_ERROR;
				CLANG_WARN_DOCUMENTATION_COMMENTS = YES;
				CLANG_WARN_EMPTY_BODY = YES;
				CLANG_WARN_ENUM_CONVERSION = YES;
				CLANG_WARN_INFINITE_RECURSION = YES;
				CLANG_WARN_INT_CONVERSION = YES;
				CLANG_WARN_NON_LITERAL_NULL_CONVERSION = YES;
				CLANG_WARN_OBJC_IMPLICIT_RETAIN_SELF = YES;
				CLANG_WARN_OBJC_LITERAL_CONVERSION = YES;
				CLANG_WARN_OBJC_ROOT_CLASS = YES_ERROR;
				CLANG_WARN_RANGE_LOOP_ANALYSIS = YES;
				CLANG_WARN_STRICT_PROTOTYPES = YES;
				CLANG_WARN_SUSPICIOUS_MOVE = YES;
				CLANG_WARN_UNGUARDED_AVAILABILITY = YES_AGGRESSIVE;
				CLANG_WARN_UNREACHABLE_CODE = YES;
				CLANG_WARN__DUPLICATE_METHOD_MATCH = YES;
				COPY_PHASE_STRIP = NO;
				DEBUG_INFORMATION_FORMAT = "dwarf-with-dsym";
				ENABLE_NS_ASSERTIONS = NO;
				ENABLE_STRICT_OBJC_MSGSEND = YES;
				GCC_C_LANGUAGE_STANDARD = gnu11;
				GCC_NO_COMMON_BLOCKS = YES;
				GCC_WARN_64_TO_32_BIT_CONVERSION = YES;
				GCC_WARN_ABOUT_RETURN_TYPE = YES_ERROR;
				GCC_WARN_UNDECLARED_SELECTOR = YES;
				GCC_WARN_UNINITIALIZED_AUTOS = YES_AGGRESSIVE;
				GCC_WARN_UNUSED_FUNCTION = YES;
				GCC_WARN_UNUSED_VARIABLE = YES;
				IPHONEOS_DEPLOYMENT_TARGET = 13.2;
				MTL_ENABLE_DEBUG_INFO = NO;
				MTL_FAST_MATH = YES;
				SDKROOT = iphoneos;
				SWIFT_COMPILATION_MODE = wholemodule;
				SWIFT_OPTIMIZATION_LEVEL = "-O";
				VALIDATE_PRODUCT = YES;
			};
			name = Release;
		};
		8A27638823FE68C9006D4243 /* Debug */ = {
			isa = XCBuildConfiguration;
			buildSettings = {
				ASSETCATALOG_COMPILER_APPICON_NAME = AppIcon;
				CODE_SIGN_STYLE = Automatic;
				DEVELOPMENT_TEAM = XV75Q9JFD9;
				INFOPLIST_FILE = myNotepad/Info.plist;
				LD_RUNPATH_SEARCH_PATHS = (
					"$(inherited)",
					"@executable_path/Frameworks",
				);
				PRODUCT_BUNDLE_IDENTIFIER = com.JitendraMahambare.myNotepad;
				PRODUCT_NAME = "$(TARGET_NAME)";
				SWIFT_VERSION = 5.0;
				TARGETED_DEVICE_FAMILY = "1,2";
			};
			name = Debug;
		};
		8A27638923FE68C9006D4243 /* Release */ = {
			isa = XCBuildConfiguration;
			buildSettings = {
				ASSETCATALOG_COMPILER_APPICON_NAME = AppIcon;
				CODE_SIGN_STYLE = Automatic;
				DEVELOPMENT_TEAM = XV75Q9JFD9;
				INFOPLIST_FILE = myNotepad/Info.plist;
				LD_RUNPATH_SEARCH_PATHS = (
					"$(inherited)",
					"@executable_path/Frameworks",
				);
				PRODUCT_BUNDLE_IDENTIFIER = com.JitendraMahambare.myNotepad;
				PRODUCT_NAME = "$(TARGET_NAME)";
				SWIFT_VERSION = 5.0;
				TARGETED_DEVICE_FAMILY = "1,2";
			};
			name = Release;
		};
/* End XCBuildConfiguration section */

/* Begin XCConfigurationList section */
		8A27636B23FE68C6006D4243 /* Build configuration list for PBXProject "myNotepad" */ = {
			isa = XCConfigurationList;
			buildConfigurations = (
				8A27638523FE68C9006D4243 /* Debug */,
				8A27638623FE68C9006D4243 /* Release */,
			);
			defaultConfigurationIsVisible = 0;
			defaultConfigurationName = Release;
		};
		8A27638723FE68C9006D4243 /* Build configuration list for PBXNativeTarget "myNotepad" */ = {
			isa = XCConfigurationList;
			buildConfigurations = (
				8A27638823FE68C9006D4243 /* Debug */,
				8A27638923FE68C9006D4243 /* Release */,
			);
			defaultConfigurationIsVisible = 0;
			defaultConfigurationName = Release;
		};
/* End XCConfigurationList section */

/* Begin XCVersionGroup section */
		8A27637C23FE68C6006D4243 /* myNotepad.xcdatamodeld */ = {
			isa = XCVersionGroup;
			children = (
				8A27637D23FE68C6006D4243 /* myNotepad.xcdatamodel */,
			);
			currentVersion = 8A27637D23FE68C6006D4243 /* myNotepad.xcdatamodel */;
			path = myNotepad.xcdatamodeld;
			sourceTree = "<group>";
			versionGroupType = wrapper.xcdatamodel;
		};
/* End XCVersionGroup section */
	};
	rootObject = 8A27636823FE68C6006D4243 /* Project object */;
}
